
Microsoft Visual Studio Solution File, Format Version 12.00
# Visual Studio 14
VisualStudioVersion = 14.0.25420.1
MinimumVisualStudioVersion = 10.0.40219.1
Project("{2150E333-8FDC-42A3-9474-1A3956D46DE8}") = "src", "src", "{9ED7FB59-9DD8-4DEB-B17C-21BEAE8015E3}"
EndProject
Project("{2150E333-8FDC-42A3-9474-1A3956D46DE8}") = "1-Presentation", "1-Presentation", "{9DA48D94-98B4-43A8-8DE0-010A06C587AC}"
EndProject
Project("{8BB2217D-0F2D-49D1-97BC-3654ED321F3B}") = "DotNetCoreLabs.LabCMS.Web", "src\DotNetCoreLabs.LabCMS.Web\DotNetCoreLabs.LabCMS.Web.xproj", "{6A00E7E6-372B-45A6-B512-766D240CD344}"
EndProject
Project("{2150E333-8FDC-42A3-9474-1A3956D46DE8}") = "Solution Items", "Solution Items", "{2A32FB76-4373-4013-8B26-1ADB5A376D8A}"
	ProjectSection(SolutionItems) = preProject
		global.json = global.json
	EndProjectSection
EndProject
Project("{2150E333-8FDC-42A3-9474-1A3956D46DE8}") = "Assets", "Assets", "{870A4651-E34B-419E-A0E4-433CC8032275}"
EndProject
Project("{2150E333-8FDC-42A3-9474-1A3956D46DE8}") = "Infra", "Infra", "{D6E0652F-6AEF-426D-8BCD-A843B0105BE8}"
EndProject
Project("{8BB2217D-0F2D-49D1-97BC-3654ED321F3B}") = "DotNetCoreLabs.LabMS.Data", "src\DotNetCoreLabs.LabMS.Data\DotNetCoreLabs.LabMS.Data.xproj", "{AB2BC4A8-E0D6-4224-AEBF-F4CAD55427B8}"
EndProject
Project("{8BB2217D-0F2D-49D1-97BC-3654ED321F3B}") = "DotNetCoreLabs.LabMS.IoC", "src\DotNetCoreLabs.LabMS.IoC\DotNetCoreLabs.LabMS.IoC.xproj", "{6AE51BDB-7BA7-4F52-8968-A8CE37DDEEA8}"
EndProject
Project("{8BB2217D-0F2D-49D1-97BC-3654ED321F3B}") = "DotNetCoreLabs.LabMS.Application", "src\DotNetCoreLabs.LabMS.Application\DotNetCoreLabs.LabMS.Application.xproj", "{BF3D40B3-D5F5-4306-940B-A5758759D333}"
EndProject
Project("{8BB2217D-0F2D-49D1-97BC-3654ED321F3B}") = "DotNetCoreLabs.LabMS.Context", "src\DotNetCoreLabs.LabMS.Context\DotNetCoreLabs.LabMS.Context.xproj", "{5E04A2CC-519F-48AE-B497-204039190227}"
EndProject
Project("{2150E333-8FDC-42A3-9474-1A3956D46DE8}") = "Application", "Application", "{E8E1B30E-6181-4F2E-8C82-F74169101579}"
EndProject
Project("{2150E333-8FDC-42A3-9474-1A3956D46DE8}") = "Domain", "Domain", "{173FA1B7-25C5-40D6-A81C-D1397DAD59D2}"
EndProject
Project("{2150E333-8FDC-42A3-9474-1A3956D46DE8}") = "External", "External", "{BF6716BD-58E9-47AD-BA72-7691B8FA9138}"
EndProject
Project("{2150E333-8FDC-42A3-9474-1A3956D46DE8}") = "Test", "Test", "{5F0737FD-5F69-40A5-A0C7-65063B91F213}"
EndProject
Project("{8BB2217D-0F2D-49D1-97BC-3654ED321F3B}") = "DapperExtensions", "src\DapperExtensions\DapperExtensions.xproj", "{4B5EAF5C-11F7-4184-B33D-FCD9B194B86C}"
EndProject
Project("{8BB2217D-0F2D-49D1-97BC-3654ED321F3B}") = "DotNetCoreLabs.LabMS.Domain", "src\DotNetCoreLabs.LabMS.Domain\DotNetCoreLabs.LabMS.Domain.xproj", "{DBB8A3C0-E98A-4261-8C5C-34D793DE7BCD}"
EndProject
Project("{8BB2217D-0F2D-49D1-97BC-3654ED321F3B}") = "DotNetCoreLabs.LabMS.Context.Test", "src\DotNetCoreLabs.LabMS.Context.Test\DotNetCoreLabs.LabMS.Context.Test.xproj", "{7CFF0809-152A-42A4-AD57-A0EB051210A6}"
EndProject
Global
	GlobalSection(SolutionConfigurationPlatforms) = preSolution
		Debug|Any CPU = Debug|Any CPU
		Release|Any CPU = Release|Any CPU
	EndGlobalSection
	GlobalSection(ProjectConfigurationPlatforms) = postSolution
		{6A00E7E6-372B-45A6-B512-766D240CD344}.Debug|Any CPU.ActiveCfg = Debug|Any CPU
		{6A00E7E6-372B-45A6-B512-766D240CD344}.Debug|Any CPU.Build.0 = Debug|Any CPU
		{6A00E7E6-372B-45A6-B512-766D240CD344}.Release|Any CPU.ActiveCfg = Release|Any CPU
		{6A00E7E6-372B-45A6-B512-766D240CD344}.Release|Any CPU.Build.0 = Release|Any CPU
		{AB2BC4A8-E0D6-4224-AEBF-F4CAD55427B8}.Debug|Any CPU.ActiveCfg = Debug|Any CPU
		{AB2BC4A8-E0D6-4224-AEBF-F4CAD55427B8}.Debug|Any CPU.Build.0 = Debug|Any CPU
		{AB2BC4A8-E0D6-4224-AEBF-F4CAD55427B8}.Release|Any CPU.ActiveCfg = Release|Any CPU
		{AB2BC4A8-E0D6-4224-AEBF-F4CAD55427B8}.Release|Any CPU.Build.0 = Release|Any CPU
		{6AE51BDB-7BA7-4F52-8968-A8CE37DDEEA8}.Debug|Any CPU.ActiveCfg = Debug|Any CPU
		{6AE51BDB-7BA7-4F52-8968-A8CE37DDEEA8}.Debug|Any CPU.Build.0 = Debug|Any CPU
		{6AE51BDB-7BA7-4F52-8968-A8CE37DDEEA8}.Release|Any CPU.ActiveCfg = Release|Any CPU
		{6AE51BDB-7BA7-4F52-8968-A8CE37DDEEA8}.Release|Any CPU.Build.0 = Release|Any CPU
		{BF3D40B3-D5F5-4306-940B-A5758759D333}.Debug|Any CPU.ActiveCfg = Debug|Any CPU
		{BF3D40B3-D5F5-4306-940B-A5758759D333}.Debug|Any CPU.Build.0 = Debug|Any CPU
		{BF3D40B3-D5F5-4306-940B-A5758759D333}.Release|Any CPU.ActiveCfg = Release|Any CPU
		{BF3D40B3-D5F5-4306-940B-A5758759D333}.Release|Any CPU.Build.0 = Release|Any CPU
		{5E04A2CC-519F-48AE-B497-204039190227}.Debug|Any CPU.ActiveCfg = Debug|Any CPU
		{5E04A2CC-519F-48AE-B497-204039190227}.Debug|Any CPU.Build.0 = Debug|Any CPU
		{5E04A2CC-519F-48AE-B497-204039190227}.Release|Any CPU.ActiveCfg = Release|Any CPU
		{5E04A2CC-519F-48AE-B497-204039190227}.Release|Any CPU.Build.0 = Release|Any CPU
		{4B5EAF5C-11F7-4184-B33D-FCD9B194B86C}.Debug|Any CPU.ActiveCfg = Debug|Any CPU
		{4B5EAF5C-11F7-4184-B33D-FCD9B194B86C}.Debug|Any CPU.Build.0 = Debug|Any CPU
		{4B5EAF5C-11F7-4184-B33D-FCD9B194B86C}.Release|Any CPU.ActiveCfg = Release|Any CPU
		{4B5EAF5C-11F7-4184-B33D-FCD9B194B86C}.Release|Any CPU.Build.0 = Release|Any CPU
		{DBB8A3C0-E98A-4261-8C5C-34D793DE7BCD}.Debug|Any CPU.ActiveCfg = Debug|Any CPU
		{DBB8A3C0-E98A-4261-8C5C-34D793DE7BCD}.Debug|Any CPU.Build.0 = Debug|Any CPU
		{DBB8A3C0-E98A-4261-8C5C-34D793DE7BCD}.Release|Any CPU.ActiveCfg = Release|Any CPU
		{DBB8A3C0-E98A-4261-8C5C-34D793DE7BCD}.Release|Any CPU.Build.0 = Release|Any CPU
		{7CFF0809-152A-42A4-AD57-A0EB051210A6}.Debug|Any CPU.ActiveCfg = Debug|Any CPU
		{7CFF0809-152A-42A4-AD57-A0EB051210A6}.Debug|Any CPU.Build.0 = Debug|Any CPU
		{7CFF0809-152A-42A4-AD57-A0EB051210A6}.Release|Any CPU.ActiveCfg = Release|Any CPU
		{7CFF0809-152A-42A4-AD57-A0EB051210A6}.Release|Any CPU.Build.0 = Release|Any CPU
	EndGlobalSection
	GlobalSection(SolutionProperties) = preSolution
		HideSolutionNode = FALSE
	EndGlobalSection
	GlobalSection(NestedProjects) = preSolution
		{9DA48D94-98B4-43A8-8DE0-010A06C587AC} = {9ED7FB59-9DD8-4DEB-B17C-21BEAE8015E3}
		{6A00E7E6-372B-45A6-B512-766D240CD344} = {9DA48D94-98B4-43A8-8DE0-010A06C587AC}
		{870A4651-E34B-419E-A0E4-433CC8032275} = {2A32FB76-4373-4013-8B26-1ADB5A376D8A}
		{D6E0652F-6AEF-426D-8BCD-A843B0105BE8} = {9ED7FB59-9DD8-4DEB-B17C-21BEAE8015E3}
		{AB2BC4A8-E0D6-4224-AEBF-F4CAD55427B8} = {D6E0652F-6AEF-426D-8BCD-A843B0105BE8}
		{6AE51BDB-7BA7-4F52-8968-A8CE37DDEEA8} = {D6E0652F-6AEF-426D-8BCD-A843B0105BE8}
		{BF3D40B3-D5F5-4306-940B-A5758759D333} = {E8E1B30E-6181-4F2E-8C82-F74169101579}
		{5E04A2CC-519F-48AE-B497-204039190227} = {D6E0652F-6AEF-426D-8BCD-A843B0105BE8}
		{E8E1B30E-6181-4F2E-8C82-F74169101579} = {9ED7FB59-9DD8-4DEB-B17C-21BEAE8015E3}
		{173FA1B7-25C5-40D6-A81C-D1397DAD59D2} = {9ED7FB59-9DD8-4DEB-B17C-21BEAE8015E3}
		{BF6716BD-58E9-47AD-BA72-7691B8FA9138} = {D6E0652F-6AEF-426D-8BCD-A843B0105BE8}
		{5F0737FD-5F69-40A5-A0C7-65063B91F213} = {D6E0652F-6AEF-426D-8BCD-A843B0105BE8}
		{4B5EAF5C-11F7-4184-B33D-FCD9B194B86C} = {BF6716BD-58E9-47AD-BA72-7691B8FA9138}
		{DBB8A3C0-E98A-4261-8C5C-34D793DE7BCD} = {173FA1B7-25C5-40D6-A81C-D1397DAD59D2}
		{7CFF0809-152A-42A4-AD57-A0EB051210A6} = {5F0737FD-5F69-40A5-A0C7-65063B91F213}
	EndGlobalSection
EndGlobal
